
Microsoft Visual Studio Solution File, Format Version 12.00
# Visual Studio Version 17
VisualStudioVersion = 17.14.37012.4 d17.14
MinimumVisualStudioVersion = 10.0.40219.1
Project("{FAE04EC0-301F-11D3-BF4B-00C04F79EFBC}") = "AuthenticatedClubManagerMVC", "AuthenticatedClubManagerMVC\AuthenticatedClubManagerMVC.csproj", "{F84C6A51-8D9E-9D94-2A0C-AD61AB0F93FE}"
EndProject
Global
	GlobalSection(SolutionConfigurationPlatforms) = preSolution
		Debug|Any CPU = Debug|Any CPU
		Release|Any CPU = Release|Any CPU
	EndGlobalSection
	GlobalSection(ProjectConfigurationPlatforms) = postSolution
		{F84C6A51-8D9E-9D94-2A0C-AD61AB0F93FE}.Debug|Any CPU.ActiveCfg = Debug|Any CPU
		{F84C6A51-8D9E-9D94-2A0C-AD61AB0F93FE}.Debug|Any CPU.Build.0 = Debug|Any CPU
		{F84C6A51-8D9E-9D94-2A0C-AD61AB0F93FE}.Release|Any CPU.ActiveCfg = Release|Any CPU
		{F84C6A51-8D9E-9D94-2A0C-AD61AB0F93FE}.Release|Any CPU.Build.0 = Release|Any CPU
	EndGlobalSection
	GlobalSection(SolutionProperties) = preSolution
		HideSolutionNode = FALSE
	EndGlobalSection
	GlobalSection(ExtensibilityGlobals) = postSolution
		SolutionGuid = {26E39750-97B2-4A11-82CF-EA105D74668C}
	EndGlobalSection
EndGlobal
